// !$*UTF8*$!
{
	archiveVersion = 1;
	classes = {
	};
	objectVersion = 55;
	objects = {

/* Begin PBXBuildFile section */
		4003D478283DE87100A7F3FE /* PokedexApp.swift in Sources */ = {isa = PBXBuildFile; fileRef = 4003D477283DE87100A7F3FE /* PokedexApp.swift */; };
		4003D47A283DE87100A7F3FE /* ContentView.swift in Sources */ = {isa = PBXBuildFile; fileRef = 4003D479283DE87100A7F3FE /* ContentView.swift */; };
		4003D47C283DE87200A7F3FE /* Assets.xcassets in Resources */ = {isa = PBXBuildFile; fileRef = 4003D47B283DE87200A7F3FE /* Assets.xcassets */; };
		4003D47F283DE87200A7F3FE /* Preview Assets.xcassets in Resources */ = {isa = PBXBuildFile; fileRef = 4003D47E283DE87200A7F3FE /* Preview Assets.xcassets */; };
		4003D489283DE87300A7F3FE /* PokedexTests.swift in Sources */ = {isa = PBXBuildFile; fileRef = 4003D488283DE87300A7F3FE /* PokedexTests.swift */; };
		4003D493283DE87300A7F3FE /* PokedexUITests.swift in Sources */ = {isa = PBXBuildFile; fileRef = 4003D492283DE87300A7F3FE /* PokedexUITests.swift */; };
		4003D495283DE87300A7F3FE /* PokedexUITestsLaunchTests.swift in Sources */ = {isa = PBXBuildFile; fileRef = 4003D494283DE87300A7F3FE /* PokedexUITestsLaunchTests.swift */; };
		4003D4A5283DE92E00A7F3FE /* PokemonService.swift in Sources */ = {isa = PBXBuildFile; fileRef = 4003D4A4283DE92E00A7F3FE /* PokemonService.swift */; };
		4003D4A7283DE97600A7F3FE /* Pokemon.swift in Sources */ = {isa = PBXBuildFile; fileRef = 4003D4A6283DE97600A7F3FE /* Pokemon.swift */; };
		4003D4A9283DEF2F00A7F3FE /* PokemonViewModel.swift in Sources */ = {isa = PBXBuildFile; fileRef = 4003D4A8283DEF2F00A7F3FE /* PokemonViewModel.swift */; };
		4003D4AC283E033E00A7F3FE /* SDWebImageSwiftUI in Frameworks */ = {isa = PBXBuildFile; productRef = 4003D4AB283E033E00A7F3FE /* SDWebImageSwiftUI */; };
/* End PBXBuildFile section */

/* Begin PBXContainerItemProxy section */
		4003D485283DE87300A7F3FE /* PBXContainerItemProxy */ = {
			isa = PBXContainerItemProxy;
			containerPortal = 4003D46C283DE87100A7F3FE /* Project object */;
			proxyType = 1;
			remoteGlobalIDString = 4003D473283DE87100A7F3FE;
			remoteInfo = Pokedex;
		};
		4003D48F283DE87300A7F3FE /* PBXContainerItemProxy */ = {
			isa = PBXContainerItemProxy;
			containerPortal = 4003D46C283DE87100A7F3FE /* Project object */;
			proxyType = 1;
			remoteGlobalIDString = 4003D473283DE87100A7F3FE;
			remoteInfo = Pokedex;
		};
/* End PBXContainerItemProxy section */

/* Begin PBXFileReference section */
		4003D474283DE87100A7F3FE /* Pokedex.app */ = {isa = PBXFileReference; explicitFileType = wrapper.application; includeInIndex = 0; path = Pokedex.app; sourceTree = BUILT_PRODUCTS_DIR; };
		4003D477283DE87100A7F3FE /* PokedexApp.swift */ = {isa = PBXFileReference; lastKnownFileType = sourcecode.swift; path = PokedexApp.swift; sourceTree = "<group>"; };
		4003D479283DE87100A7F3FE /* ContentView.swift */ = {isa = PBXFileReference; lastKnownFileType = sourcecode.swift; path = ContentView.swift; sourceTree = "<group>"; };
		4003D47B283DE87200A7F3FE /* Assets.xcassets */ = {isa = PBXFileReference; lastKnownFileType = folder.assetcatalog; path = Assets.xcassets; sourceTree = "<group>"; };
		4003D47E283DE87200A7F3FE /* Preview Assets.xcassets */ = {isa = PBXFileReference; lastKnownFileType = folder.assetcatalog; path = "Preview Assets.xcassets"; sourceTree = "<group>"; };
		4003D484283DE87300A7F3FE /* PokedexTests.xctest */ = {isa = PBXFileReference; explicitFileType = wrapper.cfbundle; includeInIndex = 0; path = PokedexTests.xctest; sourceTree = BUILT_PRODUCTS_DIR; };
		4003D488283DE87300A7F3FE /* PokedexTests.swift */ = {isa = PBXFileReference; lastKnownFileType = sourcecode.swift; path = PokedexTests.swift; sourceTree = "<group>"; };
		4003D48E283DE87300A7F3FE /* PokedexUITests.xctest */ = {isa = PBXFileReference; explicitFileType = wrapper.cfbundle; includeInIndex = 0; path = PokedexUITests.xctest; sourceTree = BUILT_PRODUCTS_DIR; };
		4003D492283DE87300A7F3FE /* PokedexUITests.swift */ = {isa = PBXFileReference; lastKnownFileType = sourcecode.swift; path = PokedexUITests.swift; sourceTree = "<group>"; };
		4003D494283DE87300A7F3FE /* PokedexUITestsLaunchTests.swift */ = {isa = PBXFileReference; lastKnownFileType = sourcecode.swift; path = PokedexUITestsLaunchTests.swift; sourceTree = "<group>"; };
		4003D4A4283DE92E00A7F3FE /* PokemonService.swift */ = {isa = PBXFileReference; lastKnownFileType = sourcecode.swift; path = PokemonService.swift; sourceTree = "<group>"; };
		4003D4A6283DE97600A7F3FE /* Pokemon.swift */ = {isa = PBXFileReference; lastKnownFileType = sourcecode.swift; path = Pokemon.swift; sourceTree = "<group>"; };
		4003D4A8283DEF2F00A7F3FE /* PokemonViewModel.swift */ = {isa = PBXFileReference; lastKnownFileType = sourcecode.swift; path = PokemonViewModel.swift; sourceTree = "<group>"; };
/* End PBXFileReference section */

/* Begin PBXFrameworksBuildPhase section */
		4003D471283DE87100A7F3FE /* Frameworks */ = {
			isa = PBXFrameworksBuildPhase;
			buildActionMask = 2147483647;
			files = (
				4003D4AC283E033E00A7F3FE /* SDWebImageSwiftUI in Frameworks */,
			);
			runOnlyForDeploymentPostprocessing = 0;
		};
		4003D481283DE87300A7F3FE /* Frameworks */ = {
			isa = PBXFrameworksBuildPhase;
			buildActionMask = 2147483647;
			files = (
			);
			runOnlyForDeploymentPostprocessing = 0;
		};
		4003D48B283DE87300A7F3FE /* Frameworks */ = {
			isa = PBXFrameworksBuildPhase;
			buildActionMask = 2147483647;
			files = (
			);
			runOnlyForDeploymentPostprocessing = 0;
		};
/* End PBXFrameworksBuildPhase section */

/* Begin PBXGroup section */
		4003D46B283DE87100A7F3FE = {
			isa = PBXGroup;
			children = (
				4003D476283DE87100A7F3FE /* Pokedex */,
				4003D487283DE87300A7F3FE /* PokedexTests */,
				4003D491283DE87300A7F3FE /* PokedexUITests */,
				4003D475283DE87100A7F3FE /* Products */,
			);
			sourceTree = "<group>";
		};
		4003D475283DE87100A7F3FE /* Products */ = {
			isa = PBXGroup;
			children = (
				4003D474283DE87100A7F3FE /* Pokedex.app */,
				4003D484283DE87300A7F3FE /* PokedexTests.xctest */,
				4003D48E283DE87300A7F3FE /* PokedexUITests.xctest */,
			);
			name = Products;
			sourceTree = "<group>";
		};
		4003D476283DE87100A7F3FE /* Pokedex */ = {
			isa = PBXGroup;
			children = (
				4003D4A3283DE91D00A7F3FE /* Services */,
				4003D4A2283DE91600A7F3FE /* Model */,
				4003D4A1283DE91000A7F3FE /* ViewModel */,
				4003D4AD283E052D00A7F3FE /* View */,
				4003D477283DE87100A7F3FE /* PokedexApp.swift */,
				4003D47B283DE87200A7F3FE /* Assets.xcassets */,
				4003D47D283DE87200A7F3FE /* Preview Content */,
			);
			path = Pokedex;
			sourceTree = "<group>";
		};
		4003D47D283DE87200A7F3FE /* Preview Content */ = {
			isa = PBXGroup;
			children = (
				4003D47E283DE87200A7F3FE /* Preview Assets.xcassets */,
			);
			path = "Preview Content";
			sourceTree = "<group>";
		};
		4003D487283DE87300A7F3FE /* PokedexTests */ = {
			isa = PBXGroup;
			children = (
				4003D488283DE87300A7F3FE /* PokedexTests.swift */,
			);
			path = PokedexTests;
			sourceTree = "<group>";
		};
		4003D491283DE87300A7F3FE /* PokedexUITests */ = {
			isa = PBXGroup;
			children = (
				4003D492283DE87300A7F3FE /* PokedexUITests.swift */,
				4003D494283DE87300A7F3FE /* PokedexUITestsLaunchTests.swift */,
			);
			path = PokedexUITests;
			sourceTree = "<group>";
		};
		4003D4A1283DE91000A7F3FE /* ViewModel */ = {
			isa = PBXGroup;
			children = (
				4003D4A8283DEF2F00A7F3FE /* PokemonViewModel.swift */,
			);
			path = ViewModel;
			sourceTree = "<group>";
		};
		4003D4A2283DE91600A7F3FE /* Model */ = {
			isa = PBXGroup;
			children = (
				4003D4A6283DE97600A7F3FE /* Pokemon.swift */,
			);
			path = Model;
			sourceTree = "<group>";
		};
		4003D4A3283DE91D00A7F3FE /* Services */ = {
			isa = PBXGroup;
			children = (
				4003D4A4283DE92E00A7F3FE /* PokemonService.swift */,
			);
			path = Services;
			sourceTree = "<group>";
		};
		4003D4AD283E052D00A7F3FE /* View */ = {
			isa = PBXGroup;
			children = (
				4003D479283DE87100A7F3FE /* ContentView.swift */,
			);
			path = View;
			sourceTree = "<group>";
		};
/* End PBXGroup section */

/* Begin PBXNativeTarget section */
		4003D473283DE87100A7F3FE /* Pokedex */ = {
			isa = PBXNativeTarget;
			buildConfigurationList = 4003D498283DE87300A7F3FE /* Build configuration list for PBXNativeTarget "Pokedex" */;
			buildPhases = (
				4003D470283DE87100A7F3FE /* Sources */,
				4003D471283DE87100A7F3FE /* Frameworks */,
				4003D472283DE87100A7F3FE /* Resources */,
			);
			buildRules = (
			);
			dependencies = (
			);
			name = Pokedex;
			packageProductDependencies = (
				4003D4AB283E033E00A7F3FE /* SDWebImageSwiftUI */,
			);
			productName = Pokedex;
			productReference = 4003D474283DE87100A7F3FE /* Pokedex.app */;
			productType = "com.apple.product-type.application";
		};
		4003D483283DE87300A7F3FE /* PokedexTests */ = {
			isa = PBXNativeTarget;
			buildConfigurationList = 4003D49B283DE87300A7F3FE /* Build configuration list for PBXNativeTarget "PokedexTests" */;
			buildPhases = (
				4003D480283DE87300A7F3FE /* Sources */,
				4003D481283DE87300A7F3FE /* Frameworks */,
				4003D482283DE87300A7F3FE /* Resources */,
			);
			buildRules = (
			);
			dependencies = (
				4003D486283DE87300A7F3FE /* PBXTargetDependency */,
			);
			name = PokedexTests;
			productName = PokedexTests;
			productReference = 4003D484283DE87300A7F3FE /* PokedexTests.xctest */;
			productType = "com.apple.product-type.bundle.unit-test";
		};
		4003D48D283DE87300A7F3FE /* PokedexUITests */ = {
			isa = PBXNativeTarget;
			buildConfigurationList = 4003D49E283DE87300A7F3FE /* Build configuration list for PBXNativeTarget "PokedexUITests" */;
			buildPhases = (
				4003D48A283DE87300A7F3FE /* Sources */,
				4003D48B283DE87300A7F3FE /* Frameworks */,
				4003D48C283DE87300A7F3FE /* Resources */,
			);
			buildRules = (
			);
			dependencies = (
				4003D490283DE87300A7F3FE /* PBXTargetDependency */,
			);
			name = PokedexUITests;
			productName = PokedexUITests;
			productReference = 4003D48E283DE87300A7F3FE /* PokedexUITests.xctest */;
			productType = "com.apple.product-type.bundle.ui-testing";
		};
/* End PBXNativeTarget section */

/* Begin PBXProject section */
		4003D46C283DE87100A7F3FE /* Project object */ = {
			isa = PBXProject;
			attributes = {
				BuildIndependentTargetsInParallel = 1;
				LastSwiftUpdateCheck = 1300;
				LastUpgradeCheck = 1300;
				TargetAttributes = {
					4003D473283DE87100A7F3FE = {
						CreatedOnToolsVersion = 13.0;
					};
					4003D483283DE87300A7F3FE = {
						CreatedOnToolsVersion = 13.0;
						TestTargetID = 4003D473283DE87100A7F3FE;
					};
					4003D48D283DE87300A7F3FE = {
						CreatedOnToolsVersion = 13.0;
						TestTargetID = 4003D473283DE87100A7F3FE;
					};
				};
			};
			buildConfigurationList = 4003D46F283DE87100A7F3FE /* Build configuration list for PBXProject "Pokedex" */;
			compatibilityVersion = "Xcode 13.0";
			developmentRegion = en;
			hasScannedForEncodings = 0;
			knownRegions = (
				en,
				Base,
			);
			mainGroup = 4003D46B283DE87100A7F3FE;
			packageReferences = (
				4003D4AA283E033E00A7F3FE /* XCRemoteSwiftPackageReference "SDWebImageSwiftUI" */,
			);
			productRefGroup = 4003D475283DE87100A7F3FE /* Products */;
			projectDirPath = "";
			projectRoot = "";
			targets = (
				4003D473283DE87100A7F3FE /* Pokedex */,
				4003D483283DE87300A7F3FE /* PokedexTests */,
				4003D48D283DE87300A7F3FE /* PokedexUITests */,
			);
		};
/* End PBXProject section */

/* Begin PBXResourcesBuildPhase section */
		4003D472283DE87100A7F3FE /* Resources */ = {
			isa = PBXResourcesBuildPhase;
			buildActionMask = 2147483647;
			files = (
				4003D47F283DE87200A7F3FE /* Preview Assets.xcassets in Resources */,
				4003D47C283DE87200A7F3FE /* Assets.xcassets in Resources */,
			);
			runOnlyForDeploymentPostprocessing = 0;
		};
		4003D482283DE87300A7F3FE /* Resources */ = {
			isa = PBXResourcesBuildPhase;
			buildActionMask = 2147483647;
			files = (
			);
			runOnlyForDeploymentPostprocessing = 0;
		};
		4003D48C283DE87300A7F3FE /* Resources */ = {
			isa = PBXResourcesBuildPhase;
			buildActionMask = 2147483647;
			files = (
			);
			runOnlyForDeploymentPostprocessing = 0;
		};
/* End PBXResourcesBuildPhase section */

/* Begin PBXSourcesBuildPhase section */
		4003D470283DE87100A7F3FE /* Sources */ = {
			isa = PBXSourcesBuildPhase;
			buildActionMask = 2147483647;
			files = (
				4003D47A283DE87100A7F3FE /* ContentView.swift in Sources */,
				4003D4A9283DEF2F00A7F3FE /* PokemonViewModel.swift in Sources */,
				4003D4A7283DE97600A7F3FE /* Pokemon.swift in Sources */,
				4003D478283DE87100A7F3FE /* PokedexApp.swift in Sources */,
				4003D4A5283DE92E00A7F3FE /* PokemonService.swift in Sources */,
			);
			runOnlyForDeploymentPostprocessing = 0;
		};
		4003D480283DE87300A7F3FE /* Sources */ = {
			isa = PBXSourcesBuildPhase;
			buildActionMask = 2147483647;
			files = (
				4003D489283DE87300A7F3FE /* PokedexTests.swift in Sources */,
			);
			runOnlyForDeploymentPostprocessing = 0;
		};
		4003D48A283DE87300A7F3FE /* Sources */ = {
			isa = PBXSourcesBuildPhase;
			buildActionMask = 2147483647;
			files = (
				4003D493283DE87300A7F3FE /* PokedexUITests.swift in Sources */,
				4003D495283DE87300A7F3FE /* PokedexUITestsLaunchTests.swift in Sources */,
			);
			runOnlyForDeploymentPostprocessing = 0;
		};
/* End PBXSourcesBuildPhase section */

/* Begin PBXTargetDependency section */
		4003D486283DE87300A7F3FE /* PBXTargetDependency */ = {
			isa = PBXTargetDependency;
			target = 4003D473283DE87100A7F3FE /* Pokedex */;
			targetProxy = 4003D485283DE87300A7F3FE /* PBXContainerItemProxy */;
		};
		4003D490283DE87300A7F3FE /* PBXTargetDependency */ = {
			isa = PBXTargetDependency;
			target = 4003D473283DE87100A7F3FE /* Pokedex */;
			targetProxy = 4003D48F283DE87300A7F3FE /* PBXContainerItemProxy */;
		};
/* End PBXTargetDependency section */

/* Begin XCBuildConfiguration section */
		4003D496283DE87300A7F3FE /* Debug */ = {
			isa = XCBuildConfiguration;
			buildSettings = {
				ALWAYS_SEARCH_USER_PATHS = NO;
				CLANG_ANALYZER_NONNULL = YES;
				CLANG_ANALYZER_NUMBER_OBJECT_CONVERSION = YES_AGGRESSIVE;
				CLANG_CXX_LANGUAGE_STANDARD = "gnu++17";
				CLANG_CXX_LIBRARY = "libc++";
				CLANG_ENABLE_MODULES = YES;
				CLANG_ENABLE_OBJC_ARC = YES;
				CLANG_ENABLE_OBJC_WEAK = YES;
				CLANG_WARN_BLOCK_CAPTURE_AUTORELEASING = YES;
				CLANG_WARN_BOOL_CONVERSION = YES;
				CLANG_WARN_COMMA = YES;
				CLANG_WARN_CONSTANT_CONVERSION = YES;
				CLANG_WARN_DEPRECATED_OBJC_IMPLEMENTATIONS = YES;
				CLANG_WARN_DIRECT_OBJC_ISA_USAGE = YES_ERROR;
				CLANG_WARN_DOCUMENTATION_COMMENTS = YES;
				CLANG_WARN_EMPTY_BODY = YES;
				CLANG_WARN_ENUM_CONVERSION = YES;
				CLANG_WARN_INFINITE_RECURSION = YES;
				CLANG_WARN_INT_CONVERSION = YES;
				CLANG_WARN_NON_LITERAL_NULL_CONVERSION = YES;
				CLANG_WARN_OBJC_IMPLICIT_RETAIN_SELF = YES;
				CLANG_WARN_OBJC_LITERAL_CONVERSION = YES;
				CLANG_WARN_OBJC_ROOT_CLASS = YES_ERROR;
				CLANG_WARN_QUOTED_INCLUDE_IN_FRAMEWORK_HEADER = YES;
				CLANG_WARN_RANGE_LOOP_ANALYSIS = YES;
				CLANG_WARN_STRICT_PROTOTYPES = YES;
				CLANG_WARN_SUSPICIOUS_MOVE = YES;
				CLANG_WARN_UNGUARDED_AVAILABILITY = YES_AGGRESSIVE;
				CLANG_WARN_UNREACHABLE_CODE = YES;
				CLANG_WARN__DUPLICATE_METHOD_MATCH = YES;
				COPY_PHASE_STRIP = NO;
				DEBUG_INFORMATION_FORMAT = dwarf;
				ENABLE_STRICT_OBJC_MSGSEND = YES;
				ENABLE_TESTABILITY = YES;
				GCC_C_LANGUAGE_STANDARD = gnu11;
				GCC_DYNAMIC_NO_PIC = NO;
				GCC_NO_COMMON_BLOCKS = YES;
				GCC_OPTIMIZATION_LEVEL = 0;
				GCC_PREPROCESSOR_DEFINITIONS = (
					"DEBUG=1",
					"$(inherited)",
				);
				GCC_WARN_64_TO_32_BIT_CONVERSION = YES;
				GCC_WARN_ABOUT_RETURN_TYPE = YES_ERROR;
				GCC_WARN_UNDECLARED_SELECTOR = YES;
				GCC_WARN_UNINITIALIZED_AUTOS = YES_AGGRESSIVE;
				GCC_WARN_UNUSED_FUNCTION = YES;
				GCC_WARN_UNUSED_VARIABLE = YES;
				IPHONEOS_DEPLOYMENT_TARGET = 15.0;
				MTL_ENABLE_DEBUG_INFO = INCLUDE_SOURCE;
				MTL_FAST_MATH = YES;
				ONLY_ACTIVE_ARCH = YES;
				SDKROOT = iphoneos;
				SWIFT_ACTIVE_COMPILATION_CONDITIONS = DEBUG;
				SWIFT_OPTIMIZATION_LEVEL = "-Onone";
			};
			name = Debug;
		};
		4003D497283DE87300A7F3FE /* Release */ = {
			isa = XCBuildConfiguration;
			buildSettings = {
				ALWAYS_SEARCH_USER_PATHS = NO;
				CLANG_ANALYZER_NONNULL = YES;
				CLANG_ANALYZER_NUMBER_OBJECT_CONVERSION = YES_AGGRESSIVE;
				CLANG_CXX_LANGUAGE_STANDARD = "gnu++17";
				CLANG_CXX_LIBRARY = "libc++";
				CLANG_ENABLE_MODULES = YES;
				CLANG_ENABLE_OBJC_ARC = YES;
				CLANG_ENABLE_OBJC_WEAK = YES;
				CLANG_WARN_BLOCK_CAPTURE_AUTORELEASING = YES;
				CLANG_WARN_BOOL_CONVERSION = YES;
				CLANG_WARN_COMMA = YES;
				CLANG_WARN_CONSTANT_CONVERSION = YES;
				CLANG_WARN_DEPRECATED_OBJC_IMPLEMENTATIONS = YES;
				CLANG_WARN_DIRECT_OBJC_ISA_USAGE = YES_ERROR;
				CLANG_WARN_DOCUMENTATION_COMMENTS = YES;
				CLANG_WARN_EMPTY_BODY = YES;
				CLANG_WARN_ENUM_CONVERSION = YES;
				CLANG_WARN_INFINITE_RECURSION = YES;
				CLANG_WARN_INT_CONVERSION = YES;
				CLANG_WARN_NON_LITERAL_NULL_CONVERSION = YES;
				CLANG_WARN_OBJC_IMPLICIT_RETAIN_SELF = YES;
				CLANG_WARN_OBJC_LITERAL_CONVERSION = YES;
				CLANG_WARN_OBJC_ROOT_CLASS = YES_ERROR;
				CLANG_WARN_QUOTED_INCLUDE_IN_FRAMEWORK_HEADER = YES;
				CLANG_WARN_RANGE_LOOP_ANALYSIS = YES;
				CLANG_WARN_STRICT_PROTOTYPES = YES;
				CLANG_WARN_SUSPICIOUS_MOVE = YES;
				CLANG_WARN_UNGUARDED_AVAILABILITY = YES_AGGRESSIVE;
				CLANG_WARN_UNREACHABLE_CODE = YES;
				CLANG_WARN__DUPLICATE_METHOD_MATCH = YES;
				COPY_PHASE_STRIP = NO;
				DEBUG_INFORMATION_FORMAT = "dwarf-with-dsym";
				ENABLE_NS_ASSERTIONS = NO;
				ENABLE_STRICT_OBJC_MSGSEND = YES;
				GCC_C_LANGUAGE_STANDARD = gnu11;
				GCC_NO_COMMON_BLOCKS = YES;
				GCC_WARN_64_TO_32_BIT_CONVERSION = YES;
				GCC_WARN_ABOUT_RETURN_TYPE = YES_ERROR;
				GCC_WARN_UNDECLARED_SELECTOR = YES;
				GCC_WARN_UNINITIALIZED_AUTOS = YES_AGGRESSIVE;
				GCC_WARN_UNUSED_FUNCTION = YES;
				GCC_WARN_UNUSED_VARIABLE = YES;
				IPHONEOS_DEPLOYMENT_TARGET = 15.0;
				MTL_ENABLE_DEBUG_INFO = NO;
				MTL_FAST_MATH = YES;
				SDKROOT = iphoneos;
				SWIFT_COMPILATION_MODE = wholemodule;
				SWIFT_OPTIMIZATION_LEVEL = "-O";
				VALIDATE_PRODUCT = YES;
			};
			name = Release;
		};
		4003D499283DE87300A7F3FE /* Debug */ = {
			isa = XCBuildConfiguration;
			buildSettings = {
				ASSETCATALOG_COMPILER_APPICON_NAME = AppIcon;
				ASSETCATALOG_COMPILER_GLOBAL_ACCENT_COLOR_NAME = AccentColor;
				CODE_SIGN_STYLE = Automatic;
				CURRENT_PROJECT_VERSION = 1;
				DEVELOPMENT_ASSET_PATHS = "\"Pokedex/Preview Content\"";
				DEVELOPMENT_TEAM = D7589S3EHF;
				ENABLE_PREVIEWS = YES;
				GENERATE_INFOPLIST_FILE = YES;
				INFOPLIST_KEY_UIApplicationSceneManifest_Generation = YES;
				INFOPLIST_KEY_UIApplicationSupportsIndirectInputEvents = YES;
				INFOPLIST_KEY_UILaunchScreen_Generation = YES;
				INFOPLIST_KEY_UISupportedInterfaceOrientations_iPad = "UIInterfaceOrientationPortrait UIInterfaceOrientationPortraitUpsideDown UIInterfaceOrientationLandscapeLeft UIInterfaceOrientationLandscapeRight";
				INFOPLIST_KEY_UISupportedInterfaceOrientations_iPhone = "UIInterfaceOrientationPortrait UIInterfaceOrientationLandscapeLeft UIInterfaceOrientationLandscapeRight";
				IPHONEOS_DEPLOYMENT_TARGET = 14.0;
				LD_RUNPATH_SEARCH_PATHS = (
					"$(inherited)",
					"@executable_path/Frameworks",
				);
				MARKETING_VERSION = 1.0;
				PRODUCT_BUNDLE_IDENTIFIER = com.dimas.Pokedex;
				PRODUCT_NAME = "$(TARGET_NAME)";
				SWIFT_EMIT_LOC_STRINGS = YES;
				SWIFT_VERSION = 5.0;
				TARGETED_DEVICE_FAMILY = "1,2";
			};
			name = Debug;
		};
		4003D49A283DE87300A7F3FE /* Release */ = {
			isa = XCBuildConfiguration;
			buildSettings = {
				ASSETCATALOG_COMPILER_APPICON_NAME = AppIcon;
				ASSETCATALOG_COMPILER_GLOBAL_ACCENT_COLOR_NAME = AccentColor;
				CODE_SIGN_STYLE = Automatic;
				CURRENT_PROJECT_VERSION = 1;
				DEVELOPMENT_ASSET_PATHS = "\"Pokedex/Preview Content\"";
				DEVELOPMENT_TEAM = D7589S3EHF;
				ENABLE_PREVIEWS = YES;
				GENERATE_INFOPLIST_FILE = YES;
				INFOPLIST_KEY_UIApplicationSceneManifest_Generation = YES;
				INFOPLIST_KEY_UIApplicationSupportsIndirectInputEvents = YES;
				INFOPLIST_KEY_UILaunchScreen_Generation = YES;
				INFOPLIST_KEY_UISupportedInterfaceOrientations_iPad = "UIInterfaceOrientationPortrait UIInterfaceOrientationPortraitUpsideDown UIInterfaceOrientationLandscapeLeft UIInterfaceOrientationLandscapeRight";
				INFOPLIST_KEY_UISupportedInterfaceOrientations_iPhone = "UIInterfaceOrientationPortrait UIInterfaceOrientationLandscapeLeft UIInterfaceOrientationLandscapeRight";
				IPHONEOS_DEPLOYMENT_TARGET = 14.0;
				LD_RUNPATH_SEARCH_PATHS = (
					"$(inherited)",
					"@executable_path/Frameworks",
				);
				MARKETING_VERSION = 1.0;
				PRODUCT_BUNDLE_IDENTIFIER = com.dimas.Pokedex;
				PRODUCT_NAME = "$(TARGET_NAME)";
				SWIFT_EMIT_LOC_STRINGS = YES;
				SWIFT_VERSION = 5.0;
				TARGETED_DEVICE_FAMILY = "1,2";
			};
			name = Release;
		};
		4003D49C283DE87300A7F3FE /* Debug */ = {
			isa = XCBuildConfiguration;
			buildSettings = {
				ALWAYS_EMBED_SWIFT_STANDARD_LIBRARIES = YES;
				BUNDLE_LOADER = "$(TEST_HOST)";
				CODE_SIGN_STYLE = Automatic;
				CURRENT_PROJECT_VERSION = 1;
				DEVELOPMENT_TEAM = D7589S3EHF;
				GENERATE_INFOPLIST_FILE = YES;
				IPHONEOS_DEPLOYMENT_TARGET = 14.0;
				LD_RUNPATH_SEARCH_PATHS = (
					"$(inherited)",
					"@executable_path/Frameworks",
					"@loader_path/Frameworks",
				);
				MARKETING_VERSION = 1.0;
				PRODUCT_BUNDLE_IDENTIFIER = com.dimas.PokedexTests;
				PRODUCT_NAME = "$(TARGET_NAME)";
				SWIFT_EMIT_LOC_STRINGS = NO;
				SWIFT_VERSION = 5.0;
				TARGETED_DEVICE_FAMILY = "1,2";
				TEST_HOST = "$(BUILT_PRODUCTS_DIR)/Pokedex.app/Pokedex";
			};
			name = Debug;
		};
		4003D49D283DE87300A7F3FE /* Release */ = {
			isa = XCBuildConfiguration;
			buildSettings = {
				ALWAYS_EMBED_SWIFT_STANDARD_LIBRARIES = YES;
				BUNDLE_LOADER = "$(TEST_HOST)";
				CODE_SIGN_STYLE = Automatic;
				CURRENT_PROJECT_VERSION = 1;
				DEVELOPMENT_TEAM = D7589S3EHF;
				GENERATE_INFOPLIST_FILE = YES;
				IPHONEOS_DEPLOYMENT_TARGET = 14.0;
				LD_RUNPATH_SEARCH_PATHS = (
					"$(inherited)",
					"@executable_path/Frameworks",
					"@loader_path/Frameworks",
				);
				MARKETING_VERSION = 1.0;
				PRODUCT_BUNDLE_IDENTIFIER = com.dimas.PokedexTests;
				PRODUCT_NAME = "$(TARGET_NAME)";
				SWIFT_EMIT_LOC_STRINGS = NO;
				SWIFT_VERSION = 5.0;
				TARGETED_DEVICE_FAMILY = "1,2";
				TEST_HOST = "$(BUILT_PRODUCTS_DIR)/Pokedex.app/Pokedex";
			};
			name = Release;
		};
		4003D49F283DE87300A7F3FE /* Debug */ = {
			isa = XCBuildConfiguration;
			buildSettings = {
				ALWAYS_EMBED_SWIFT_STANDARD_LIBRARIES = YES;
				CODE_SIGN_STYLE = Automatic;
				CURRENT_PROJECT_VERSION = 1;
				DEVELOPMENT_TEAM = D7589S3EHF;
				GENERATE_INFOPLIST_FILE = YES;
				LD_RUNPATH_SEARCH_PATHS = (
					"$(inherited)",
					"@executable_path/Frameworks",
					"@loader_path/Frameworks",
				);
				MARKETING_VERSION = 1.0;
				PRODUCT_BUNDLE_IDENTIFIER = com.dimas.PokedexUITests;
				PRODUCT_NAME = "$(TARGET_NAME)";
				SWIFT_EMIT_LOC_STRINGS = NO;
				SWIFT_VERSION = 5.0;
				TARGETED_DEVICE_FAMILY = "1,2";
				TEST_TARGET_NAME = Pokedex;
			};
			name = Debug;
		};
		4003D4A0283DE87300A7F3FE /* Release */ = {
			isa = XCBuildConfiguration;
			buildSettings = {
				ALWAYS_EMBED_SWIFT_STANDARD_LIBRARIES = YES;
				CODE_SIGN_STYLE = Automatic;
				CURRENT_PROJECT_VERSION = 1;
				DEVELOPMENT_TEAM = D7589S3EHF;
				GENERATE_INFOPLIST_FILE = YES;
				LD_RUNPATH_SEARCH_PATHS = (
					"$(inherited)",
					"@executable_path/Frameworks",
					"@loader_path/Frameworks",
				);
				MARKETING_VERSION = 1.0;
				PRODUCT_BUNDLE_IDENTIFIER = com.dimas.PokedexUITests;
				PRODUCT_NAME = "$(TARGET_NAME)";
				SWIFT_EMIT_LOC_STRINGS = NO;
				SWIFT_VERSION = 5.0;
				TARGETED_DEVICE_FAMILY = "1,2";
				TEST_TARGET_NAME = Pokedex;
			};
			name = Release;
		};
/* End XCBuildConfiguration section */

/* Begin XCConfigurationList section */
		4003D46F283DE87100A7F3FE /* Build configuration list for PBXProject "Pokedex" */ = {
			isa = XCConfigurationList;
			buildConfigurations = (
				4003D496283DE87300A7F3FE /* Debug */,
				4003D497283DE87300A7F3FE /* Release */,
			);
			defaultConfigurationIsVisible = 0;
			defaultConfigurationName = Release;
		};
		4003D498283DE87300A7F3FE /* Build configuration list for PBXNativeTarget "Pokedex" */ = {
			isa = XCConfigurationList;
			buildConfigurations = (
				4003D499283DE87300A7F3FE /* Debug */,
				4003D49A283DE87300A7F3FE /* Release */,
			);
			defaultConfigurationIsVisible = 0;
			defaultConfigurationName = Release;
		};
		4003D49B283DE87300A7F3FE /* Build configuration list for PBXNativeTarget "PokedexTests" */ = {
			isa = XCConfigurationList;
			buildConfigurations = (
				4003D49C283DE87300A7F3FE /* Debug */,
				4003D49D283DE87300A7F3FE /* Release */,
			);
			defaultConfigurationIsVisible = 0;
			defaultConfigurationName = Release;
		};
		4003D49E283DE87300A7F3FE /* Build configuration list for PBXNativeTarget "PokedexUITests" */ = {
			isa = XCConfigurationList;
			buildConfigurations = (
				4003D49F283DE87300A7F3FE /* Debug */,
				4003D4A0283DE87300A7F3FE /* Release */,
			);
			defaultConfigurationIsVisible = 0;
			defaultConfigurationName = Release;
		};
/* End XCConfigurationList section */

/* Begin XCRemoteSwiftPackageReference section */
		4003D4AA283E033E00A7F3FE /* XCRemoteSwiftPackageReference "SDWebImageSwiftUI" */ = {
			isa = XCRemoteSwiftPackageReference;
			repositoryURL = "https://github.com/SDWebImage/SDWebImageSwiftUI.git";
			requirement = {
				branch = master;
				kind = branch;
			};
		};
/* End XCRemoteSwiftPackageReference section */

/* Begin XCSwiftPackageProductDependency section */
		4003D4AB283E033E00A7F3FE /* SDWebImageSwiftUI */ = {
			isa = XCSwiftPackageProductDependency;
			package = 4003D4AA283E033E00A7F3FE /* XCRemoteSwiftPackageReference "SDWebImageSwiftUI" */;
			productName = SDWebImageSwiftUI;
		};
/* End XCSwiftPackageProductDependency section */
	};
	rootObject = 4003D46C283DE87100A7F3FE /* Project object */;
}
